
Microsoft Visual Studio Solution File, Format Version 12.00
# Visual Studio 2013
VisualStudioVersion = 12.0.31101.0
MinimumVisualStudioVersion = 10.0.40219.1
Project("{FAE04EC0-301F-11D3-BF4B-00C04F79EFBC}") = "Squirrel.Data", "Squirrel.Data\Squirrel.Data.csproj", "{607F71E4-7775-4A44-A816-73B044DAD55C}"
EndProject
Project("{FAE04EC0-301F-11D3-BF4B-00C04F79EFBC}") = "Squirrel.Domain", "Squirrel.Domain\Squirrel.Domain.csproj", "{9F182785-67C7-4ABB-9306-B330AF9B5FD3}"
EndProject
Project("{FAE04EC0-301F-11D3-BF4B-00C04F79EFBC}") = "Squirrel.Web", "Squirrel.Web\Squirrel.Web.csproj", "{7CE388CA-4F3D-4F10-92E3-FA6BF2F3964D}"
EndProject
Project("{FAE04EC0-301F-11D3-BF4B-00C04F79EFBC}") = "Squirrel.Test", "Squirrel.Test\Squirrel.Test.csproj", "{08F3CCE4-6316-45FA-A95A-722073CB9BAC}"
EndProject
Project("{FAE04EC0-301F-11D3-BF4B-00C04F79EFBC}") = "Squirrel.Service", "Squirrel.Service\Squirrel.Service.csproj", "{35053FFA-16CB-49B1-9AEE-B513E0B89718}"
EndProject
Global
	GlobalSection(SolutionConfigurationPlatforms) = preSolution
		Debug|Any CPU = Debug|Any CPU
		Release|Any CPU = Release|Any CPU
	EndGlobalSection
	GlobalSection(ProjectConfigurationPlatforms) = postSolution
		{607F71E4-7775-4A44-A816-73B044DAD55C}.Debug|Any CPU.ActiveCfg = Debug|Any CPU
		{607F71E4-7775-4A44-A816-73B044DAD55C}.Debug|Any CPU.Build.0 = Debug|Any CPU
		{607F71E4-7775-4A44-A816-73B044DAD55C}.Release|Any CPU.ActiveCfg = Release|Any CPU
		{607F71E4-7775-4A44-A816-73B044DAD55C}.Release|Any CPU.Build.0 = Release|Any CPU
		{9F182785-67C7-4ABB-9306-B330AF9B5FD3}.Debug|Any CPU.ActiveCfg = Debug|Any CPU
		{9F182785-67C7-4ABB-9306-B330AF9B5FD3}.Debug|Any CPU.Build.0 = Debug|Any CPU
		{9F182785-67C7-4ABB-9306-B330AF9B5FD3}.Release|Any CPU.ActiveCfg = Release|Any CPU
		{9F182785-67C7-4ABB-9306-B330AF9B5FD3}.Release|Any CPU.Build.0 = Release|Any CPU
		{7CE388CA-4F3D-4F10-92E3-FA6BF2F3964D}.Debug|Any CPU.ActiveCfg = Debug|Any CPU
		{7CE388CA-4F3D-4F10-92E3-FA6BF2F3964D}.Debug|Any CPU.Build.0 = Debug|Any CPU
		{7CE388CA-4F3D-4F10-92E3-FA6BF2F3964D}.Release|Any CPU.ActiveCfg = Release|Any CPU
		{7CE388CA-4F3D-4F10-92E3-FA6BF2F3964D}.Release|Any CPU.Build.0 = Release|Any CPU
		{08F3CCE4-6316-45FA-A95A-722073CB9BAC}.Debug|Any CPU.ActiveCfg = Debug|Any CPU
		{08F3CCE4-6316-45FA-A95A-722073CB9BAC}.Debug|Any CPU.Build.0 = Debug|Any CPU
		{08F3CCE4-6316-45FA-A95A-722073CB9BAC}.Release|Any CPU.ActiveCfg = Release|Any CPU
		{08F3CCE4-6316-45FA-A95A-722073CB9BAC}.Release|Any CPU.Build.0 = Release|Any CPU
		{35053FFA-16CB-49B1-9AEE-B513E0B89718}.Debug|Any CPU.ActiveCfg = Debug|Any CPU
		{35053FFA-16CB-49B1-9AEE-B513E0B89718}.Debug|Any CPU.Build.0 = Debug|Any CPU
		{35053FFA-16CB-49B1-9AEE-B513E0B89718}.Release|Any CPU.ActiveCfg = Release|Any CPU
		{35053FFA-16CB-49B1-9AEE-B513E0B89718}.Release|Any CPU.Build.0 = Release|Any CPU
	EndGlobalSection
	GlobalSection(SolutionProperties) = preSolution
		HideSolutionNode = FALSE
	EndGlobalSection
EndGlobal
